
Microsoft Visual Studio Solution File, Format Version 12.00
# Visual Studio 14
VisualStudioVersion = 14.0.25420.1
MinimumVisualStudioVersion = 10.0.40219.1
Project("{8BC9CEB8-8B4A-11D0-8D11-00A0C91BC942}") = "01_OpenglProjectTest", "01_OpenglProjectTest\01_OpenglProjectTest.vcxproj", "{AB4630E8-A036-4521-A8EC-2F8AC49EF8F6}"
EndProject
Project("{8BC9CEB8-8B4A-11D0-8D11-00A0C91BC942}") = "02_draw rectangle", "02_draw rectangle\02_draw rectangle.vcxproj", "{F33B97FE-0A74-4681-ACFA-6258BF2DAF72}"
EndProject
Project("{8BC9CEB8-8B4A-11D0-8D11-00A0C91BC942}") = "03_绘制更多的三角形", "03_绘制更多的三角形\03_绘制更多的三角形.vcxproj", "{1DEC034D-11E4-45D2-8E15-3F05D7381A5B}"
EndProject
Project("{8BC9CEB8-8B4A-11D0-8D11-00A0C91BC942}") = "04_创建两个相同的三角形使用不同的VAO与VBO", "04_创建两个相同的三角形使用不同的VAO与VBO\04_创建两个相同的三角形使用不同的VAO与VBO.vcxproj", "{BCD18BDE-13F3-47D2-847A-3142AB27DBCD}"
EndProject
Project("{8BC9CEB8-8B4A-11D0-8D11-00A0C91BC942}") = "05_五颜六色三角形.cpp", "05_五颜六色三角形.cpp\05_五颜六色三角形.cpp.vcxproj", "{02C88BF1-FB5E-4253-8F22-C21A53309407}"
EndProject
Project("{8BC9CEB8-8B4A-11D0-8D11-00A0C91BC942}") = "06_添加新的着色器类", "06_添加新的着色器类\06_添加新的着色器类.vcxproj", "{05B97807-6BA9-4BDE-85A1-38B02CFF3AA4}"
EndProject
Project("{8BC9CEB8-8B4A-11D0-8D11-00A0C91BC942}") = "07_添加贴图", "07_添加贴图\07_添加贴图.vcxproj", "{C93A88DA-2FC4-4535-9C66-99434E87B8D6}"
EndProject
Project("{8BC9CEB8-8B4A-11D0-8D11-00A0C91BC942}") = "08_添加多张贴图", "08_添加多张贴图\08_添加多张贴图.vcxproj", "{19576254-A73F-45C5-B553-B4DFB6BDA449}"
EndProject
Project("{8BC9CEB8-8B4A-11D0-8D11-00A0C91BC942}") = "09_贴图不同过滤方式", "09_贴图不同过滤方式\09_贴图不同过滤方式.vcxproj", "{DB46C9C2-B9FB-4908-B8EC-967F48103D04}"
EndProject
Project("{8BC9CEB8-8B4A-11D0-8D11-00A0C91BC942}") = "10.手动控制贴图的显示与隐藏", "10.手动控制贴图的显示与隐藏\10.手动控制贴图的显示与隐藏.vcxproj", "{C9BFA336-D565-4633-8BBE-CD5F152CF277}"
EndProject
Project("{8BC9CEB8-8B4A-11D0-8D11-00A0C91BC942}") = "11_变换", "11_变换\11_变换.vcxproj", "{85C12109-056A-44BD-91E3-2334B05D9FF6}"
EndProject
Project("{8BC9CEB8-8B4A-11D0-8D11-00A0C91BC942}") = "12.坐标系统", "12.坐标系统\12.坐标系统.vcxproj", "{3A7DB208-022A-48D1-B811-6CBEC5F25ED1}"
EndProject
Project("{8BC9CEB8-8B4A-11D0-8D11-00A0C91BC942}") = "13.坐标系统研究projection函数", "13.坐标系统研究projection函数\13.坐标系统研究projection函数.vcxproj", "{84868D79-62E4-4BFE-92AD-F6239C043568}"
EndProject
Project("{8BC9CEB8-8B4A-11D0-8D11-00A0C91BC942}") = "14.坐标系统只让三倍数的箱子旋转", "14.坐标系统只让三倍数的箱子旋转\14.坐标系统只让三倍数的箱子旋转.vcxproj", "{4B0A3FCF-ED1C-4FEA-80BC-DC1B40C6D566}"
EndProject
Project("{8BC9CEB8-8B4A-11D0-8D11-00A0C91BC942}") = "15.摄像机", "15.摄像机\15.摄像机.vcxproj", "{8E258737-DBDA-4C13-BCF3-C997BA8D67DF}"
EndProject
Project("{8BC9CEB8-8B4A-11D0-8D11-00A0C91BC942}") = "16.创建摄像机类并且使用它", "16.创建摄像机类并且使用它\16.创建摄像机类并且使用它.vcxproj", "{8C8C153C-3013-4B0E-8F75-680D9AC8ABAC}"
EndProject
Project("{8BC9CEB8-8B4A-11D0-8D11-00A0C91BC942}") = "17.颜色学习", "17.颜色学习\17.颜色学习.vcxproj", "{C2854A70-DD56-4773-BBB1-90E22CA7ACD6}"
EndProject
Project("{8BC9CEB8-8B4A-11D0-8D11-00A0C91BC942}") = "18.基础光照-环境光照", "18.基础光照-环境光照\18.基础光照-环境光照.vcxproj", "{6528B39C-B15A-498B-B3DD-A6F2D1652037}"
EndProject
Project("{8BC9CEB8-8B4A-11D0-8D11-00A0C91BC942}") = "19.基础光照-镜面高光", "19.基础光照-镜面高光\19.基础光照-镜面高光.vcxproj", "{6EB18CAE-2FD0-489D-B7F4-93CB609D7A0C}"
EndProject
Project("{8BC9CEB8-8B4A-11D0-8D11-00A0C91BC942}") = "20.基础光照练习-让光在场景里面旋转", "20.基础光照练习-让光在场景里面旋转\20.基础光照练习-让光在场景里面旋转.vcxproj", "{5D2D11F1-74D2-462A-A3A3-86D80843110A}"
EndProject
Project("{8BC9CEB8-8B4A-11D0-8D11-00A0C91BC942}") = "21.基础光照-在观察空间中计算冯氏着色", "21.基础光照-在观察空间中计算冯氏着色\21.基础光照-在观察空间中计算冯氏着色.vcxproj", "{E6517EA7-E05C-492E-9E8C-56D618966605}"
EndProject
Project("{8BC9CEB8-8B4A-11D0-8D11-00A0C91BC942}") = "22.基础光照-Gouraud着色", "22.基础光照-Gouraud着色\22.基础光照-Gouraud着色.vcxproj", "{3CE81020-4910-4568-9D4F-D1D57C980200}"
EndProject
Project("{8BC9CEB8-8B4A-11D0-8D11-00A0C91BC942}") = "23.材质", "23.材质\23.材质.vcxproj", "{E09183F5-13EB-4505-AD60-E14A6E68D3B2}"
EndProject
Project("{8BC9CEB8-8B4A-11D0-8D11-00A0C91BC942}") = "24.模拟材质", "24.模拟材质\24.模拟材质.vcxproj", "{DAE2CCC4-5500-41B7-82E8-00756332F71C}"
EndProject
Project("{8BC9CEB8-8B4A-11D0-8D11-00A0C91BC942}") = "25.LightingMap-DiffuseMap", "25.LightingMap\25.LightingMap.vcxproj", "{748F4948-1656-4D6B-B434-A532355EB669}"
EndProject
Project("{8BC9CEB8-8B4A-11D0-8D11-00A0C91BC942}") = "26.LightingMap-SpecularMap", "26.LightingMap-SpecularMap\26.LightingMap-SpecularMap.vcxproj", "{5BB93A89-BEF3-4ED0-B99A-0566469E7E69}"
EndProject
Global
	GlobalSection(SolutionConfigurationPlatforms) = preSolution
		Debug|x64 = Debug|x64
		Debug|x86 = Debug|x86
		Release|x64 = Release|x64
		Release|x86 = Release|x86
	EndGlobalSection
	GlobalSection(ProjectConfigurationPlatforms) = postSolution
		{AB4630E8-A036-4521-A8EC-2F8AC49EF8F6}.Debug|x64.ActiveCfg = Debug|x64
		{AB4630E8-A036-4521-A8EC-2F8AC49EF8F6}.Debug|x64.Build.0 = Debug|x64
		{AB4630E8-A036-4521-A8EC-2F8AC49EF8F6}.Debug|x86.ActiveCfg = Debug|Win32
		{AB4630E8-A036-4521-A8EC-2F8AC49EF8F6}.Debug|x86.Build.0 = Debug|Win32
		{AB4630E8-A036-4521-A8EC-2F8AC49EF8F6}.Release|x64.ActiveCfg = Release|x64
		{AB4630E8-A036-4521-A8EC-2F8AC49EF8F6}.Release|x64.Build.0 = Release|x64
		{AB4630E8-A036-4521-A8EC-2F8AC49EF8F6}.Release|x86.ActiveCfg = Release|Win32
		{AB4630E8-A036-4521-A8EC-2F8AC49EF8F6}.Release|x86.Build.0 = Release|Win32
		{F33B97FE-0A74-4681-ACFA-6258BF2DAF72}.Debug|x64.ActiveCfg = Debug|x64
		{F33B97FE-0A74-4681-ACFA-6258BF2DAF72}.Debug|x64.Build.0 = Debug|x64
		{F33B97FE-0A74-4681-ACFA-6258BF2DAF72}.Debug|x86.ActiveCfg = Debug|Win32
		{F33B97FE-0A74-4681-ACFA-6258BF2DAF72}.Debug|x86.Build.0 = Debug|Win32
		{F33B97FE-0A74-4681-ACFA-6258BF2DAF72}.Release|x64.ActiveCfg = Release|x64
		{F33B97FE-0A74-4681-ACFA-6258BF2DAF72}.Release|x64.Build.0 = Release|x64
		{F33B97FE-0A74-4681-ACFA-6258BF2DAF72}.Release|x86.ActiveCfg = Release|Win32
		{F33B97FE-0A74-4681-ACFA-6258BF2DAF72}.Release|x86.Build.0 = Release|Win32
		{1DEC034D-11E4-45D2-8E15-3F05D7381A5B}.Debug|x64.ActiveCfg = Debug|x64
		{1DEC034D-11E4-45D2-8E15-3F05D7381A5B}.Debug|x64.Build.0 = Debug|x64
		{1DEC034D-11E4-45D2-8E15-3F05D7381A5B}.Debug|x86.ActiveCfg = Debug|Win32
		{1DEC034D-11E4-45D2-8E15-3F05D7381A5B}.Debug|x86.Build.0 = Debug|Win32
		{1DEC034D-11E4-45D2-8E15-3F05D7381A5B}.Release|x64.ActiveCfg = Release|x64
		{1DEC034D-11E4-45D2-8E15-3F05D7381A5B}.Release|x64.Build.0 = Release|x64
		{1DEC034D-11E4-45D2-8E15-3F05D7381A5B}.Release|x86.ActiveCfg = Release|Win32
		{1DEC034D-11E4-45D2-8E15-3F05D7381A5B}.Release|x86.Build.0 = Release|Win32
		{BCD18BDE-13F3-47D2-847A-3142AB27DBCD}.Debug|x64.ActiveCfg = Debug|x64
		{BCD18BDE-13F3-47D2-847A-3142AB27DBCD}.Debug|x64.Build.0 = Debug|x64
		{BCD18BDE-13F3-47D2-847A-3142AB27DBCD}.Debug|x86.ActiveCfg = Debug|Win32
		{BCD18BDE-13F3-47D2-847A-3142AB27DBCD}.Debug|x86.Build.0 = Debug|Win32
		{BCD18BDE-13F3-47D2-847A-3142AB27DBCD}.Release|x64.ActiveCfg = Release|x64
		{BCD18BDE-13F3-47D2-847A-3142AB27DBCD}.Release|x64.Build.0 = Release|x64
		{BCD18BDE-13F3-47D2-847A-3142AB27DBCD}.Release|x86.ActiveCfg = Release|Win32
		{BCD18BDE-13F3-47D2-847A-3142AB27DBCD}.Release|x86.Build.0 = Release|Win32
		{02C88BF1-FB5E-4253-8F22-C21A53309407}.Debug|x64.ActiveCfg = Debug|x64
		{02C88BF1-FB5E-4253-8F22-C21A53309407}.Debug|x64.Build.0 = Debug|x64
		{02C88BF1-FB5E-4253-8F22-C21A53309407}.Debug|x86.ActiveCfg = Debug|Win32
		{02C88BF1-FB5E-4253-8F22-C21A53309407}.Debug|x86.Build.0 = Debug|Win32
		{02C88BF1-FB5E-4253-8F22-C21A53309407}.Release|x64.ActiveCfg = Release|x64
		{02C88BF1-FB5E-4253-8F22-C21A53309407}.Release|x64.Build.0 = Release|x64
		{02C88BF1-FB5E-4253-8F22-C21A53309407}.Release|x86.ActiveCfg = Release|Win32
		{02C88BF1-FB5E-4253-8F22-C21A53309407}.Release|x86.Build.0 = Release|Win32
		{05B97807-6BA9-4BDE-85A1-38B02CFF3AA4}.Debug|x64.ActiveCfg = Debug|x64
		{05B97807-6BA9-4BDE-85A1-38B02CFF3AA4}.Debug|x64.Build.0 = Debug|x64
		{05B97807-6BA9-4BDE-85A1-38B02CFF3AA4}.Debug|x86.ActiveCfg = Debug|Win32
		{05B97807-6BA9-4BDE-85A1-38B02CFF3AA4}.Debug|x86.Build.0 = Debug|Win32
		{05B97807-6BA9-4BDE-85A1-38B02CFF3AA4}.Release|x64.ActiveCfg = Release|x64
		{05B97807-6BA9-4BDE-85A1-38B02CFF3AA4}.Release|x64.Build.0 = Release|x64
		{05B97807-6BA9-4BDE-85A1-38B02CFF3AA4}.Release|x86.ActiveCfg = Release|Win32
		{05B97807-6BA9-4BDE-85A1-38B02CFF3AA4}.Release|x86.Build.0 = Release|Win32
		{C93A88DA-2FC4-4535-9C66-99434E87B8D6}.Debug|x64.ActiveCfg = Debug|x64
		{C93A88DA-2FC4-4535-9C66-99434E87B8D6}.Debug|x64.Build.0 = Debug|x64
		{C93A88DA-2FC4-4535-9C66-99434E87B8D6}.Debug|x86.ActiveCfg = Debug|Win32
		{C93A88DA-2FC4-4535-9C66-99434E87B8D6}.Debug|x86.Build.0 = Debug|Win32
		{C93A88DA-2FC4-4535-9C66-99434E87B8D6}.Release|x64.ActiveCfg = Release|x64
		{C93A88DA-2FC4-4535-9C66-99434E87B8D6}.Release|x64.Build.0 = Release|x64
		{C93A88DA-2FC4-4535-9C66-99434E87B8D6}.Release|x86.ActiveCfg = Release|Win32
		{C93A88DA-2FC4-4535-9C66-99434E87B8D6}.Release|x86.Build.0 = Release|Win32
		{19576254-A73F-45C5-B553-B4DFB6BDA449}.Debug|x64.ActiveCfg = Debug|x64
		{19576254-A73F-45C5-B553-B4DFB6BDA449}.Debug|x64.Build.0 = Debug|x64
		{19576254-A73F-45C5-B553-B4DFB6BDA449}.Debug|x86.ActiveCfg = Debug|Win32
		{19576254-A73F-45C5-B553-B4DFB6BDA449}.Debug|x86.Build.0 = Debug|Win32
		{19576254-A73F-45C5-B553-B4DFB6BDA449}.Release|x64.ActiveCfg = Release|x64
		{19576254-A73F-45C5-B553-B4DFB6BDA449}.Release|x64.Build.0 = Release|x64
		{19576254-A73F-45C5-B553-B4DFB6BDA449}.Release|x86.ActiveCfg = Release|Win32
		{19576254-A73F-45C5-B553-B4DFB6BDA449}.Release|x86.Build.0 = Release|Win32
		{DB46C9C2-B9FB-4908-B8EC-967F48103D04}.Debug|x64.ActiveCfg = Debug|x64
		{DB46C9C2-B9FB-4908-B8EC-967F48103D04}.Debug|x64.Build.0 = Debug|x64
		{DB46C9C2-B9FB-4908-B8EC-967F48103D04}.Debug|x86.ActiveCfg = Debug|Win32
		{DB46C9C2-B9FB-4908-B8EC-967F48103D04}.Debug|x86.Build.0 = Debug|Win32
		{DB46C9C2-B9FB-4908-B8EC-967F48103D04}.Release|x64.ActiveCfg = Release|x64
		{DB46C9C2-B9FB-4908-B8EC-967F48103D04}.Release|x64.Build.0 = Release|x64
		{DB46C9C2-B9FB-4908-B8EC-967F48103D04}.Release|x86.ActiveCfg = Release|Win32
		{DB46C9C2-B9FB-4908-B8EC-967F48103D04}.Release|x86.Build.0 = Release|Win32
		{C9BFA336-D565-4633-8BBE-CD5F152CF277}.Debug|x64.ActiveCfg = Debug|x64
		{C9BFA336-D565-4633-8BBE-CD5F152CF277}.Debug|x64.Build.0 = Debug|x64
		{C9BFA336-D565-4633-8BBE-CD5F152CF277}.Debug|x86.ActiveCfg = Debug|Win32
		{C9BFA336-D565-4633-8BBE-CD5F152CF277}.Debug|x86.Build.0 = Debug|Win32
		{C9BFA336-D565-4633-8BBE-CD5F152CF277}.Release|x64.ActiveCfg = Release|x64
		{C9BFA336-D565-4633-8BBE-CD5F152CF277}.Release|x64.Build.0 = Release|x64
		{C9BFA336-D565-4633-8BBE-CD5F152CF277}.Release|x86.ActiveCfg = Release|Win32
		{C9BFA336-D565-4633-8BBE-CD5F152CF277}.Release|x86.Build.0 = Release|Win32
		{85C12109-056A-44BD-91E3-2334B05D9FF6}.Debug|x64.ActiveCfg = Debug|x64
		{85C12109-056A-44BD-91E3-2334B05D9FF6}.Debug|x64.Build.0 = Debug|x64
		{85C12109-056A-44BD-91E3-2334B05D9FF6}.Debug|x86.ActiveCfg = Debug|Win32
		{85C12109-056A-44BD-91E3-2334B05D9FF6}.Debug|x86.Build.0 = Debug|Win32
		{85C12109-056A-44BD-91E3-2334B05D9FF6}.Release|x64.ActiveCfg = Release|x64
		{85C12109-056A-44BD-91E3-2334B05D9FF6}.Release|x64.Build.0 = Release|x64
		{85C12109-056A-44BD-91E3-2334B05D9FF6}.Release|x86.ActiveCfg = Release|Win32
		{85C12109-056A-44BD-91E3-2334B05D9FF6}.Release|x86.Build.0 = Release|Win32
		{3A7DB208-022A-48D1-B811-6CBEC5F25ED1}.Debug|x64.ActiveCfg = Debug|x64
		{3A7DB208-022A-48D1-B811-6CBEC5F25ED1}.Debug|x64.Build.0 = Debug|x64
		{3A7DB208-022A-48D1-B811-6CBEC5F25ED1}.Debug|x86.ActiveCfg = Debug|Win32
		{3A7DB208-022A-48D1-B811-6CBEC5F25ED1}.Debug|x86.Build.0 = Debug|Win32
		{3A7DB208-022A-48D1-B811-6CBEC5F25ED1}.Release|x64.ActiveCfg = Release|x64
		{3A7DB208-022A-48D1-B811-6CBEC5F25ED1}.Release|x64.Build.0 = Release|x64
		{3A7DB208-022A-48D1-B811-6CBEC5F25ED1}.Release|x86.ActiveCfg = Release|Win32
		{3A7DB208-022A-48D1-B811-6CBEC5F25ED1}.Release|x86.Build.0 = Release|Win32
		{84868D79-62E4-4BFE-92AD-F6239C043568}.Debug|x64.ActiveCfg = Debug|x64
		{84868D79-62E4-4BFE-92AD-F6239C043568}.Debug|x64.Build.0 = Debug|x64
		{84868D79-62E4-4BFE-92AD-F6239C043568}.Debug|x86.ActiveCfg = Debug|Win32
		{84868D79-62E4-4BFE-92AD-F6239C043568}.Debug|x86.Build.0 = Debug|Win32
		{84868D79-62E4-4BFE-92AD-F6239C043568}.Release|x64.ActiveCfg = Release|x64
		{84868D79-62E4-4BFE-92AD-F6239C043568}.Release|x64.Build.0 = Release|x64
		{84868D79-62E4-4BFE-92AD-F6239C043568}.Release|x86.ActiveCfg = Release|Win32
		{84868D79-62E4-4BFE-92AD-F6239C043568}.Release|x86.Build.0 = Release|Win32
		{4B0A3FCF-ED1C-4FEA-80BC-DC1B40C6D566}.Debug|x64.ActiveCfg = Debug|x64
		{4B0A3FCF-ED1C-4FEA-80BC-DC1B40C6D566}.Debug|x64.Build.0 = Debug|x64
		{4B0A3FCF-ED1C-4FEA-80BC-DC1B40C6D566}.Debug|x86.ActiveCfg = Debug|Win32
		{4B0A3FCF-ED1C-4FEA-80BC-DC1B40C6D566}.Debug|x86.Build.0 = Debug|Win32
		{4B0A3FCF-ED1C-4FEA-80BC-DC1B40C6D566}.Release|x64.ActiveCfg = Release|x64
		{4B0A3FCF-ED1C-4FEA-80BC-DC1B40C6D566}.Release|x64.Build.0 = Release|x64
		{4B0A3FCF-ED1C-4FEA-80BC-DC1B40C6D566}.Release|x86.ActiveCfg = Release|Win32
		{4B0A3FCF-ED1C-4FEA-80BC-DC1B40C6D566}.Release|x86.Build.0 = Release|Win32
		{8E258737-DBDA-4C13-BCF3-C997BA8D67DF}.Debug|x64.ActiveCfg = Debug|x64
		{8E258737-DBDA-4C13-BCF3-C997BA8D67DF}.Debug|x64.Build.0 = Debug|x64
		{8E258737-DBDA-4C13-BCF3-C997BA8D67DF}.Debug|x86.ActiveCfg = Debug|Win32
		{8E258737-DBDA-4C13-BCF3-C997BA8D67DF}.Debug|x86.Build.0 = Debug|Win32
		{8E258737-DBDA-4C13-BCF3-C997BA8D67DF}.Release|x64.ActiveCfg = Release|x64
		{8E258737-DBDA-4C13-BCF3-C997BA8D67DF}.Release|x64.Build.0 = Release|x64
		{8E258737-DBDA-4C13-BCF3-C997BA8D67DF}.Release|x86.ActiveCfg = Release|Win32
		{8E258737-DBDA-4C13-BCF3-C997BA8D67DF}.Release|x86.Build.0 = Release|Win32
		{8C8C153C-3013-4B0E-8F75-680D9AC8ABAC}.Debug|x64.ActiveCfg = Debug|x64
		{8C8C153C-3013-4B0E-8F75-680D9AC8ABAC}.Debug|x64.Build.0 = Debug|x64
		{8C8C153C-3013-4B0E-8F75-680D9AC8ABAC}.Debug|x86.ActiveCfg = Debug|Win32
		{8C8C153C-3013-4B0E-8F75-680D9AC8ABAC}.Debug|x86.Build.0 = Debug|Win32
		{8C8C153C-3013-4B0E-8F75-680D9AC8ABAC}.Release|x64.ActiveCfg = Release|x64
		{8C8C153C-3013-4B0E-8F75-680D9AC8ABAC}.Release|x64.Build.0 = Release|x64
		{8C8C153C-3013-4B0E-8F75-680D9AC8ABAC}.Release|x86.ActiveCfg = Release|Win32
		{8C8C153C-3013-4B0E-8F75-680D9AC8ABAC}.Release|x86.Build.0 = Release|Win32
		{C2854A70-DD56-4773-BBB1-90E22CA7ACD6}.Debug|x64.ActiveCfg = Debug|x64
		{C2854A70-DD56-4773-BBB1-90E22CA7ACD6}.Debug|x64.Build.0 = Debug|x64
		{C2854A70-DD56-4773-BBB1-90E22CA7ACD6}.Debug|x86.ActiveCfg = Debug|Win32
		{C2854A70-DD56-4773-BBB1-90E22CA7ACD6}.Debug|x86.Build.0 = Debug|Win32
		{C2854A70-DD56-4773-BBB1-90E22CA7ACD6}.Release|x64.ActiveCfg = Release|x64
		{C2854A70-DD56-4773-BBB1-90E22CA7ACD6}.Release|x64.Build.0 = Release|x64
		{C2854A70-DD56-4773-BBB1-90E22CA7ACD6}.Release|x86.ActiveCfg = Release|Win32
		{C2854A70-DD56-4773-BBB1-90E22CA7ACD6}.Release|x86.Build.0 = Release|Win32
		{6528B39C-B15A-498B-B3DD-A6F2D1652037}.Debug|x64.ActiveCfg = Debug|x64
		{6528B39C-B15A-498B-B3DD-A6F2D1652037}.Debug|x64.Build.0 = Debug|x64
		{6528B39C-B15A-498B-B3DD-A6F2D1652037}.Debug|x86.ActiveCfg = Debug|Win32
		{6528B39C-B15A-498B-B3DD-A6F2D1652037}.Debug|x86.Build.0 = Debug|Win32
		{6528B39C-B15A-498B-B3DD-A6F2D1652037}.Release|x64.ActiveCfg = Release|x64
		{6528B39C-B15A-498B-B3DD-A6F2D1652037}.Release|x64.Build.0 = Release|x64
		{6528B39C-B15A-498B-B3DD-A6F2D1652037}.Release|x86.ActiveCfg = Release|Win32
		{6528B39C-B15A-498B-B3DD-A6F2D1652037}.Release|x86.Build.0 = Release|Win32
		{6EB18CAE-2FD0-489D-B7F4-93CB609D7A0C}.Debug|x64.ActiveCfg = Debug|x64
		{6EB18CAE-2FD0-489D-B7F4-93CB609D7A0C}.Debug|x64.Build.0 = Debug|x64
		{6EB18CAE-2FD0-489D-B7F4-93CB609D7A0C}.Debug|x86.ActiveCfg = Debug|Win32
		{6EB18CAE-2FD0-489D-B7F4-93CB609D7A0C}.Debug|x86.Build.0 = Debug|Win32
		{6EB18CAE-2FD0-489D-B7F4-93CB609D7A0C}.Release|x64.ActiveCfg = Release|x64
		{6EB18CAE-2FD0-489D-B7F4-93CB609D7A0C}.Release|x64.Build.0 = Release|x64
		{6EB18CAE-2FD0-489D-B7F4-93CB609D7A0C}.Release|x86.ActiveCfg = Release|Win32
		{6EB18CAE-2FD0-489D-B7F4-93CB609D7A0C}.Release|x86.Build.0 = Release|Win32
		{5D2D11F1-74D2-462A-A3A3-86D80843110A}.Debug|x64.ActiveCfg = Debug|x64
		{5D2D11F1-74D2-462A-A3A3-86D80843110A}.Debug|x64.Build.0 = Debug|x64
		{5D2D11F1-74D2-462A-A3A3-86D80843110A}.Debug|x86.ActiveCfg = Debug|Win32
		{5D2D11F1-74D2-462A-A3A3-86D80843110A}.Debug|x86.Build.0 = Debug|Win32
		{5D2D11F1-74D2-462A-A3A3-86D80843110A}.Release|x64.ActiveCfg = Release|x64
		{5D2D11F1-74D2-462A-A3A3-86D80843110A}.Release|x64.Build.0 = Release|x64
		{5D2D11F1-74D2-462A-A3A3-86D80843110A}.Release|x86.ActiveCfg = Release|Win32
		{5D2D11F1-74D2-462A-A3A3-86D80843110A}.Release|x86.Build.0 = Release|Win32
		{E6517EA7-E05C-492E-9E8C-56D618966605}.Debug|x64.ActiveCfg = Debug|x64
		{E6517EA7-E05C-492E-9E8C-56D618966605}.Debug|x64.Build.0 = Debug|x64
		{E6517EA7-E05C-492E-9E8C-56D618966605}.Debug|x86.ActiveCfg = Debug|Win32
		{E6517EA7-E05C-492E-9E8C-56D618966605}.Debug|x86.Build.0 = Debug|Win32
		{E6517EA7-E05C-492E-9E8C-56D618966605}.Release|x64.ActiveCfg = Release|x64
		{E6517EA7-E05C-492E-9E8C-56D618966605}.Release|x64.Build.0 = Release|x64
		{E6517EA7-E05C-492E-9E8C-56D618966605}.Release|x86.ActiveCfg = Release|Win32
		{E6517EA7-E05C-492E-9E8C-56D618966605}.Release|x86.Build.0 = Release|Win32
		{3CE81020-4910-4568-9D4F-D1D57C980200}.Debug|x64.ActiveCfg = Debug|x64
		{3CE81020-4910-4568-9D4F-D1D57C980200}.Debug|x64.Build.0 = Debug|x64
		{3CE81020-4910-4568-9D4F-D1D57C980200}.Debug|x86.ActiveCfg = Debug|Win32
		{3CE81020-4910-4568-9D4F-D1D57C980200}.Debug|x86.Build.0 = Debug|Win32
		{3CE81020-4910-4568-9D4F-D1D57C980200}.Release|x64.ActiveCfg = Release|x64
		{3CE81020-4910-4568-9D4F-D1D57C980200}.Release|x64.Build.0 = Release|x64
		{3CE81020-4910-4568-9D4F-D1D57C980200}.Release|x86.ActiveCfg = Release|Win32
		{3CE81020-4910-4568-9D4F-D1D57C980200}.Release|x86.Build.0 = Release|Win32
		{E09183F5-13EB-4505-AD60-E14A6E68D3B2}.Debug|x64.ActiveCfg = Debug|x64
		{E09183F5-13EB-4505-AD60-E14A6E68D3B2}.Debug|x64.Build.0 = Debug|x64
		{E09183F5-13EB-4505-AD60-E14A6E68D3B2}.Debug|x86.ActiveCfg = Debug|Win32
		{E09183F5-13EB-4505-AD60-E14A6E68D3B2}.Debug|x86.Build.0 = Debug|Win32
		{E09183F5-13EB-4505-AD60-E14A6E68D3B2}.Release|x64.ActiveCfg = Release|x64
		{E09183F5-13EB-4505-AD60-E14A6E68D3B2}.Release|x64.Build.0 = Release|x64
		{E09183F5-13EB-4505-AD60-E14A6E68D3B2}.Release|x86.ActiveCfg = Release|Win32
		{E09183F5-13EB-4505-AD60-E14A6E68D3B2}.Release|x86.Build.0 = Release|Win32
		{DAE2CCC4-5500-41B7-82E8-00756332F71C}.Debug|x64.ActiveCfg = Debug|x64
		{DAE2CCC4-5500-41B7-82E8-00756332F71C}.Debug|x64.Build.0 = Debug|x64
		{DAE2CCC4-5500-41B7-82E8-00756332F71C}.Debug|x86.ActiveCfg = Debug|Win32
		{DAE2CCC4-5500-41B7-82E8-00756332F71C}.Debug|x86.Build.0 = Debug|Win32
		{DAE2CCC4-5500-41B7-82E8-00756332F71C}.Release|x64.ActiveCfg = Release|x64
		{DAE2CCC4-5500-41B7-82E8-00756332F71C}.Release|x64.Build.0 = Release|x64
		{DAE2CCC4-5500-41B7-82E8-00756332F71C}.Release|x86.ActiveCfg = Release|Win32
		{DAE2CCC4-5500-41B7-82E8-00756332F71C}.Release|x86.Build.0 = Release|Win32
		{748F4948-1656-4D6B-B434-A532355EB669}.Debug|x64.ActiveCfg = Debug|x64
		{748F4948-1656-4D6B-B434-A532355EB669}.Debug|x64.Build.0 = Debug|x64
		{748F4948-1656-4D6B-B434-A532355EB669}.Debug|x86.ActiveCfg = Debug|Win32
		{748F4948-1656-4D6B-B434-A532355EB669}.Debug|x86.Build.0 = Debug|Win32
		{748F4948-1656-4D6B-B434-A532355EB669}.Release|x64.ActiveCfg = Release|x64
		{748F4948-1656-4D6B-B434-A532355EB669}.Release|x64.Build.0 = Release|x64
		{748F4948-1656-4D6B-B434-A532355EB669}.Release|x86.ActiveCfg = Release|Win32
		{748F4948-1656-4D6B-B434-A532355EB669}.Release|x86.Build.0 = Release|Win32
		{5BB93A89-BEF3-4ED0-B99A-0566469E7E69}.Debug|x64.ActiveCfg = Debug|x64
		{5BB93A89-BEF3-4ED0-B99A-0566469E7E69}.Debug|x64.Build.0 = Debug|x64
		{5BB93A89-BEF3-4ED0-B99A-0566469E7E69}.Debug|x86.ActiveCfg = Debug|Win32
		{5BB93A89-BEF3-4ED0-B99A-0566469E7E69}.Debug|x86.Build.0 = Debug|Win32
		{5BB93A89-BEF3-4ED0-B99A-0566469E7E69}.Release|x64.ActiveCfg = Release|x64
		{5BB93A89-BEF3-4ED0-B99A-0566469E7E69}.Release|x64.Build.0 = Release|x64
		{5BB93A89-BEF3-4ED0-B99A-0566469E7E69}.Release|x86.ActiveCfg = Release|Win32
		{5BB93A89-BEF3-4ED0-B99A-0566469E7E69}.Release|x86.Build.0 = Release|Win32
	EndGlobalSection
	GlobalSection(SolutionProperties) = preSolution
		HideSolutionNode = FALSE
	EndGlobalSection
EndGlobal
