
Microsoft Visual Studio Solution File, Format Version 12.00
# Visual Studio 15
VisualStudioVersion = 15.0.28307.779
MinimumVisualStudioVersion = 10.0.40219.1
Project("{8BC9CEB8-8B4A-11D0-8D11-00A0C91BC942}") = "FileStream", "FileStream\FileStream.vcxproj", "{22EE3E95-0CA8-435A-BE74-53F9E496D48F}"
EndProject
Project("{8BC9CEB8-8B4A-11D0-8D11-00A0C91BC942}") = "01.nameSpace", "01.nameSpace\01.nameSpace.vcxproj", "{2CDDCCFA-0810-418F-B95D-15948B2966B6}"
EndProject
Project("{8BC9CEB8-8B4A-11D0-8D11-00A0C91BC942}") = "03.FilePratise", "03.FilePratise\03.FilePratise.vcxproj", "{C8CA73E8-2F33-45CF-AC16-01CD3F5E57D3}"
EndProject
Global
	GlobalSection(SolutionConfigurationPlatforms) = preSolution
		Debug|x64 = Debug|x64
		Debug|x86 = Debug|x86
		Release|x64 = Release|x64
		Release|x86 = Release|x86
	EndGlobalSection
	GlobalSection(ProjectConfigurationPlatforms) = postSolution
		{22EE3E95-0CA8-435A-BE74-53F9E496D48F}.Debug|x64.ActiveCfg = Debug|x64
		{22EE3E95-0CA8-435A-BE74-53F9E496D48F}.Debug|x64.Build.0 = Debug|x64
		{22EE3E95-0CA8-435A-BE74-53F9E496D48F}.Debug|x86.ActiveCfg = Debug|Win32
		{22EE3E95-0CA8-435A-BE74-53F9E496D48F}.Debug|x86.Build.0 = Debug|Win32
		{22EE3E95-0CA8-435A-BE74-53F9E496D48F}.Release|x64.ActiveCfg = Release|x64
		{22EE3E95-0CA8-435A-BE74-53F9E496D48F}.Release|x64.Build.0 = Release|x64
		{22EE3E95-0CA8-435A-BE74-53F9E496D48F}.Release|x86.ActiveCfg = Release|Win32
		{22EE3E95-0CA8-435A-BE74-53F9E496D48F}.Release|x86.Build.0 = Release|Win32
		{2CDDCCFA-0810-418F-B95D-15948B2966B6}.Debug|x64.ActiveCfg = Debug|x64
		{2CDDCCFA-0810-418F-B95D-15948B2966B6}.Debug|x64.Build.0 = Debug|x64
		{2CDDCCFA-0810-418F-B95D-15948B2966B6}.Debug|x86.ActiveCfg = Debug|Win32
		{2CDDCCFA-0810-418F-B95D-15948B2966B6}.Debug|x86.Build.0 = Debug|Win32
		{2CDDCCFA-0810-418F-B95D-15948B2966B6}.Release|x64.ActiveCfg = Release|x64
		{2CDDCCFA-0810-418F-B95D-15948B2966B6}.Release|x64.Build.0 = Release|x64
		{2CDDCCFA-0810-418F-B95D-15948B2966B6}.Release|x86.ActiveCfg = Release|Win32
		{2CDDCCFA-0810-418F-B95D-15948B2966B6}.Release|x86.Build.0 = Release|Win32
		{C8CA73E8-2F33-45CF-AC16-01CD3F5E57D3}.Debug|x64.ActiveCfg = Debug|x64
		{C8CA73E8-2F33-45CF-AC16-01CD3F5E57D3}.Debug|x64.Build.0 = Debug|x64
		{C8CA73E8-2F33-45CF-AC16-01CD3F5E57D3}.Debug|x86.ActiveCfg = Debug|Win32
		{C8CA73E8-2F33-45CF-AC16-01CD3F5E57D3}.Debug|x86.Build.0 = Debug|Win32
		{C8CA73E8-2F33-45CF-AC16-01CD3F5E57D3}.Release|x64.ActiveCfg = Release|x64
		{C8CA73E8-2F33-45CF-AC16-01CD3F5E57D3}.Release|x64.Build.0 = Release|x64
		{C8CA73E8-2F33-45CF-AC16-01CD3F5E57D3}.Release|x86.ActiveCfg = Release|Win32
		{C8CA73E8-2F33-45CF-AC16-01CD3F5E57D3}.Release|x86.Build.0 = Release|Win32
	EndGlobalSection
	GlobalSection(SolutionProperties) = preSolution
		HideSolutionNode = FALSE
	EndGlobalSection
	GlobalSection(ExtensibilityGlobals) = postSolution
		SolutionGuid = {6D95F691-12AE-47B9-A2CC-D894B8B3ABC6}
	EndGlobalSection
EndGlobal
